// !$*UTF8*$!
{
	archiveVersion = 1;
	classes = {
	};
	objectVersion = 50;
	objects = {

/* Begin PBXBuildFile section */
		C907400A23A1BA8D0098B22E /* AppDelegate.swift in Sources */ = {isa = PBXBuildFile; fileRef = C907400923A1BA8D0098B22E /* AppDelegate.swift */; };
		C907400C23A1BA8D0098B22E /* SceneDelegate.swift in Sources */ = {isa = PBXBuildFile; fileRef = C907400B23A1BA8D0098B22E /* SceneDelegate.swift */; };
		C907400E23A1BA8D0098B22E /* ViewController.swift in Sources */ = {isa = PBXBuildFile; fileRef = C907400D23A1BA8D0098B22E /* ViewController.swift */; };
		C907401123A1BA8D0098B22E /* Main.storyboard in Resources */ = {isa = PBXBuildFile; fileRef = C907400F23A1BA8D0098B22E /* Main.storyboard */; };
		C907401323A1BA8F0098B22E /* Assets.xcassets in Resources */ = {isa = PBXBuildFile; fileRef = C907401223A1BA8F0098B22E /* Assets.xcassets */; };
		C907401623A1BA8F0098B22E /* LaunchScreen.storyboard in Resources */ = {isa = PBXBuildFile; fileRef = C907401423A1BA8F0098B22E /* LaunchScreen.storyboard */; };
		C979BD1323A2B3FB005DCBBF /* GeneralUser GS MuseScore v1.442.sf2 in Resources */ = {isa = PBXBuildFile; fileRef = C979BD1223A2B3FB005DCBBF /* GeneralUser GS MuseScore v1.442.sf2 */; };
/* End PBXBuildFile section */

/* Begin PBXFileReference section */
		C907400623A1BA8D0098B22E /* Generative Improv-Theremin.app */ = {isa = PBXFileReference; explicitFileType = wrapper.application; includeInIndex = 0; path = "Generative Improv-Theremin.app"; sourceTree = BUILT_PRODUCTS_DIR; };
		C907400923A1BA8D0098B22E /* AppDelegate.swift */ = {isa = PBXFileReference; lastKnownFileType = sourcecode.swift; path = AppDelegate.swift; sourceTree = "<group>"; };
		C907400B23A1BA8D0098B22E /* SceneDelegate.swift */ = {isa = PBXFileReference; lastKnownFileType = sourcecode.swift; path = SceneDelegate.swift; sourceTree = "<group>"; };
		C907400D23A1BA8D0098B22E /* ViewController.swift */ = {isa = PBXFileReference; lastKnownFileType = sourcecode.swift; path = ViewController.swift; sourceTree = "<group>"; };
		C907401023A1BA8D0098B22E /* Base */ = {isa = PBXFileReference; lastKnownFileType = file.storyboard; name = Base; path = Base.lproj/Main.storyboard; sourceTree = "<group>"; };
		C907401223A1BA8F0098B22E /* Assets.xcassets */ = {isa = PBXFileReference; lastKnownFileType = folder.assetcatalog; path = Assets.xcassets; sourceTree = "<group>"; };
		C907401523A1BA8F0098B22E /* Base */ = {isa = PBXFileReference; lastKnownFileType = file.storyboard; name = Base; path = Base.lproj/LaunchScreen.storyboard; sourceTree = "<group>"; };
		C907401723A1BA8F0098B22E /* Info.plist */ = {isa = PBXFileReference; lastKnownFileType = text.plist.xml; path = Info.plist; sourceTree = "<group>"; };
		C979BD1223A2B3FB005DCBBF /* GeneralUser GS MuseScore v1.442.sf2 */ = {isa = PBXFileReference; lastKnownFileType = file; path = "GeneralUser GS MuseScore v1.442.sf2"; sourceTree = "<group>"; };
/* End PBXFileReference section */

/* Begin PBXFrameworksBuildPhase section */
		C907400323A1BA8D0098B22E /* Frameworks */ = {
			isa = PBXFrameworksBuildPhase;
			buildActionMask = 2147483647;
			files = (
			);
			runOnlyForDeploymentPostprocessing = 0;
		};
/* End PBXFrameworksBuildPhase section */

/* Begin PBXGroup section */
		C9073FFD23A1BA8D0098B22E = {
			isa = PBXGroup;
			children = (
				C907400823A1BA8D0098B22E /* Generative Improv-Theremin */,
				C907400723A1BA8D0098B22E /* Products */,
			);
			sourceTree = "<group>";
		};
		C907400723A1BA8D0098B22E /* Products */ = {
			isa = PBXGroup;
			children = (
				C907400623A1BA8D0098B22E /* Generative Improv-Theremin.app */,
			);
			name = Products;
			sourceTree = "<group>";
		};
		C907400823A1BA8D0098B22E /* Generative Improv-Theremin */ = {
			isa = PBXGroup;
			children = (
				C979BD1223A2B3FB005DCBBF /* GeneralUser GS MuseScore v1.442.sf2 */,
				C907400923A1BA8D0098B22E /* AppDelegate.swift */,
				C907400B23A1BA8D0098B22E /* SceneDelegate.swift */,
				C907400D23A1BA8D0098B22E /* ViewController.swift */,
				C907400F23A1BA8D0098B22E /* Main.storyboard */,
				C907401223A1BA8F0098B22E /* Assets.xcassets */,
				C907401423A1BA8F0098B22E /* LaunchScreen.storyboard */,
				C907401723A1BA8F0098B22E /* Info.plist */,
			);
			path = "Generative Improv-Theremin";
			sourceTree = "<group>";
		};
/* End PBXGroup section */

/* Begin PBXNativeTarget section */
		C907400523A1BA8D0098B22E /* Generative Improv-Theremin */ = {
			isa = PBXNativeTarget;
			buildConfigurationList = C907401A23A1BA8F0098B22E /* Build configuration list for PBXNativeTarget "Generative Improv-Theremin" */;
			buildPhases = (
				C907400223A1BA8D0098B22E /* Sources */,
				C907400323A1BA8D0098B22E /* Frameworks */,
				C907400423A1BA8D0098B22E /* Resources */,
			);
			buildRules = (
			);
			dependencies = (
			);
			name = "Generative Improv-Theremin";
			productName = "Generative Improv-Theremin";
			productReference = C907400623A1BA8D0098B22E /* Generative Improv-Theremin.app */;
			productType = "com.apple.product-type.application";
		};
/* End PBXNativeTarget section */

/* Begin PBXProject section */
		C9073FFE23A1BA8D0098B22E /* Project object */ = {
			isa = PBXProject;
			attributes = {
				LastSwiftUpdateCheck = 1120;
				LastUpgradeCheck = 1120;
				ORGANIZATIONNAME = "Jaehyun Jeon";
				TargetAttributes = {
					C907400523A1BA8D0098B22E = {
						CreatedOnToolsVersion = 11.2.1;
					};
				};
			};
			buildConfigurationList = C907400123A1BA8D0098B22E /* Build configuration list for PBXProject "Generative Improv-Theremin" */;
			compatibilityVersion = "Xcode 9.3";
			developmentRegion = en;
			hasScannedForEncodings = 0;
			knownRegions = (
				en,
				Base,
			);
			mainGroup = C9073FFD23A1BA8D0098B22E;
			productRefGroup = C907400723A1BA8D0098B22E /* Products */;
			projectDirPath = "";
			projectRoot = "";
			targets = (
				C907400523A1BA8D0098B22E /* Generative Improv-Theremin */,
			);
		};
/* End PBXProject section */

/* Begin PBXResourcesBuildPhase section */
		C907400423A1BA8D0098B22E /* Resources */ = {
			isa = PBXResourcesBuildPhase;
			buildActionMask = 2147483647;
			files = (
				C979BD1323A2B3FB005DCBBF /* GeneralUser GS MuseScore v1.442.sf2 in Resources */,
				C907401623A1BA8F0098B22E /* LaunchScreen.storyboard in Resources */,
				C907401323A1BA8F0098B22E /* Assets.xcassets in Resources */,
				C907401123A1BA8D0098B22E /* Main.storyboard in Resources */,
			);
			runOnlyForDeploymentPostprocessing = 0;
		};
/* End PBXResourcesBuildPhase section */

/* Begin PBXSourcesBuildPhase section */
		C907400223A1BA8D0098B22E /* Sources */ = {
			isa = PBXSourcesBuildPhase;
			buildActionMask = 2147483647;
			files = (
				C907400E23A1BA8D0098B22E /* ViewController.swift in Sources */,
				C907400A23A1BA8D0098B22E /* AppDelegate.swift in Sources */,
				C907400C23A1BA8D0098B22E /* SceneDelegate.swift in Sources */,
			);
			runOnlyForDeploymentPostprocessing = 0;
		};
/* End PBXSourcesBuildPhase section */

/* Begin PBXVariantGroup section */
		C907400F23A1BA8D0098B22E /* Main.storyboard */ = {
			isa = PBXVariantGroup;
			children = (
				C907401023A1BA8D0098B22E /* Base */,
			);
			name = Main.storyboard;
			sourceTree = "<group>";
		};
		C907401423A1BA8F0098B22E /* LaunchScreen.storyboard */ = {
			isa = PBXVariantGroup;
			children = (
				C907401523A1BA8F0098B22E /* Base */,
			);
			name = LaunchScreen.storyboard;
			sourceTree = "<group>";
		};
/* End PBXVariantGroup section */

/* Begin XCBuildConfiguration section */
		C907401823A1BA8F0098B22E /* Debug */ = {
			isa = XCBuildConfiguration;
			buildSettings = {
				ALWAYS_SEARCH_USER_PATHS = NO;
				CLANG_ANALYZER_NONNULL = YES;
				CLANG_ANALYZER_NUMBER_OBJECT_CONVERSION = YES_AGGRESSIVE;
				CLANG_CXX_LANGUAGE_STANDARD = "gnu++14";
				CLANG_CXX_LIBRARY = "libc++";
				CLANG_ENABLE_MODULES = YES;
				CLANG_ENABLE_OBJC_ARC = YES;
				CLANG_ENABLE_OBJC_WEAK = YES;
				CLANG_WARN_BLOCK_CAPTURE_AUTORELEASING = YES;
				CLANG_WARN_BOOL_CONVERSION = YES;
				CLANG_WARN_COMMA = YES;
				CLANG_WARN_CONSTANT_CONVERSION = YES;
				CLANG_WARN_DEPRECATED_OBJC_IMPLEMENTATIONS = YES;
				CLANG_WARN_DIRECT_OBJC_ISA_USAGE = YES_ERROR;
				CLANG_WARN_DOCUMENTATION_COMMENTS = YES;
				CLANG_WARN_EMPTY_BODY = YES;
				CLANG_WARN_ENUM_CONVERSION = YES;
				CLANG_WARN_INFINITE_RECURSION = YES;
				CLANG_WARN_INT_CONVERSION = YES;
				CLANG_WARN_NON_LITERAL_NULL_CONVERSION = YES;
				CLANG_WARN_OBJC_IMPLICIT_RETAIN_SELF = YES;
				CLANG_WARN_OBJC_LITERAL_CONVERSION = YES;
				CLANG_WARN_OBJC_ROOT_CLASS = YES_ERROR;
				CLANG_WARN_RANGE_LOOP_ANALYSIS = YES;
				CLANG_WARN_STRICT_PROTOTYPES = YES;
				CLANG_WARN_SUSPICIOUS_MOVE = YES;
				CLANG_WARN_UNGUARDED_AVAILABILITY = YES_AGGRESSIVE;
				CLANG_WARN_UNREACHABLE_CODE = YES;
				CLANG_WARN__DUPLICATE_METHOD_MATCH = YES;
				COPY_PHASE_STRIP = NO;
				DEBUG_INFORMATION_FORMAT = dwarf;
				ENABLE_STRICT_OBJC_MSGSEND = YES;
				ENABLE_TESTABILITY = YES;
				GCC_C_LANGUAGE_STANDARD = gnu11;
				GCC_DYNAMIC_NO_PIC = NO;
				GCC_NO_COMMON_BLOCKS = YES;
				GCC_OPTIMIZATION_LEVEL = 0;
				GCC_PREPROCESSOR_DEFINITIONS = (
					"DEBUG=1",
					"$(inherited)",
				);
				GCC_WARN_64_TO_32_BIT_CONVERSION = YES;
				GCC_WARN_ABOUT_RETURN_TYPE = YES_ERROR;
				GCC_WARN_UNDECLARED_SELECTOR = YES;
				GCC_WARN_UNINITIALIZED_AUTOS = YES_AGGRESSIVE;
				GCC_WARN_UNUSED_FUNCTION = YES;
				GCC_WARN_UNUSED_VARIABLE = YES;
				IPHONEOS_DEPLOYMENT_TARGET = 13.2;
				MTL_ENABLE_DEBUG_INFO = INCLUDE_SOURCE;
				MTL_FAST_MATH = YES;
				ONLY_ACTIVE_ARCH = YES;
				SDKROOT = iphoneos;
				SWIFT_ACTIVE_COMPILATION_CONDITIONS = DEBUG;
				SWIFT_OPTIMIZATION_LEVEL = "-Onone";
			};
			name = Debug;
		};
		C907401923A1BA8F0098B22E /* Release */ = {
			isa = XCBuildConfiguration;
			buildSettings = {
				ALWAYS_SEARCH_USER_PATHS = NO;
				CLANG_ANALYZER_NONNULL = YES;
				CLANG_ANALYZER_NUMBER_OBJECT_CONVERSION = YES_AGGRESSIVE;
				CLANG_CXX_LANGUAGE_STANDARD = "gnu++14";
				CLANG_CXX_LIBRARY = "libc++";
				CLANG_ENABLE_MODULES = YES;
				CLANG_ENABLE_OBJC_ARC = YES;
				CLANG_ENABLE_OBJC_WEAK = YES;
				CLANG_WARN_BLOCK_CAPTURE_AUTORELEASING = YES;
				CLANG_WARN_BOOL_CONVERSION = YES;
				CLANG_WARN_COMMA = YES;
				CLANG_WARN_CONSTANT_CONVERSION = YES;
				CLANG_WARN_DEPRECATED_OBJC_IMPLEMENTATIONS = YES;
				CLANG_WARN_DIRECT_OBJC_ISA_USAGE = YES_ERROR;
				CLANG_WARN_DOCUMENTATION_COMMENTS = YES;
				CLANG_WARN_EMPTY_BODY = YES;
				CLANG_WARN_ENUM_CONVERSION = YES;
				CLANG_WARN_INFINITE_RECURSION = YES;
				CLANG_WARN_INT_CONVERSION = YES;
				CLANG_WARN_NON_LITERAL_NULL_CONVERSION = YES;
				CLANG_WARN_OBJC_IMPLICIT_RETAIN_SELF = YES;
				CLANG_WARN_OBJC_LITERAL_CONVERSION = YES;
				CLANG_WARN_OBJC_ROOT_CLASS = YES_ERROR;
				CLANG_WARN_RANGE_LOOP_ANALYSIS = YES;
				CLANG_WARN_STRICT_PROTOTYPES = YES;
				CLANG_WARN_SUSPICIOUS_MOVE = YES;
				CLANG_WARN_UNGUARDED_AVAILABILITY = YES_AGGRESSIVE;
				CLANG_WARN_UNREACHABLE_CODE = YES;
				CLANG_WARN__DUPLICATE_METHOD_MATCH = YES;
				COPY_PHASE_STRIP = NO;
				DEBUG_INFORMATION_FORMAT = "dwarf-with-dsym";
				ENABLE_NS_ASSERTIONS = NO;
				ENABLE_STRICT_OBJC_MSGSEND = YES;
				GCC_C_LANGUAGE_STANDARD = gnu11;
				GCC_NO_COMMON_BLOCKS = YES;
				GCC_WARN_64_TO_32_BIT_CONVERSION = YES;
				GCC_WARN_ABOUT_RETURN_TYPE = YES_ERROR;
				GCC_WARN_UNDECLARED_SELECTOR = YES;
				GCC_WARN_UNINITIALIZED_AUTOS = YES_AGGRESSIVE;
				GCC_WARN_UNUSED_FUNCTION = YES;
				GCC_WARN_UNUSED_VARIABLE = YES;
				IPHONEOS_DEPLOYMENT_TARGET = 13.2;
				MTL_ENABLE_DEBUG_INFO = NO;
				MTL_FAST_MATH = YES;
				SDKROOT = iphoneos;
				SWIFT_COMPILATION_MODE = wholemodule;
				SWIFT_OPTIMIZATION_LEVEL = "-O";
				VALIDATE_PRODUCT = YES;
			};
			name = Release;
		};
		C907401B23A1BA8F0098B22E /* Debug */ = {
			isa = XCBuildConfiguration;
			buildSettings = {
				ASSETCATALOG_COMPILER_APPICON_NAME = AppIcon;
				CODE_SIGN_STYLE = Automatic;
				CURRENT_PROJECT_VERSION = 5;
				DEVELOPMENT_TEAM = FAD898AJXR;
				INFOPLIST_FILE = "Generative Improv-Theremin/Info.plist";
				IPHONEOS_DEPLOYMENT_TARGET = 13.2;
				LD_RUNPATH_SEARCH_PATHS = (
					"$(inherited)",
					"@executable_path/Frameworks",
				);
				PRODUCT_BUNDLE_IDENTIFIER = "jeon.Generative-Improv-Theremin";
				PRODUCT_NAME = "$(TARGET_NAME)";
				SWIFT_VERSION = 5.0;
				TARGETED_DEVICE_FAMILY = "1,2";
			};
			name = Debug;
		};
		C907401C23A1BA8F0098B22E /* Release */ = {
			isa = XCBuildConfiguration;
			buildSettings = {
				ASSETCATALOG_COMPILER_APPICON_NAME = AppIcon;
				CODE_SIGN_STYLE = Automatic;
				CURRENT_PROJECT_VERSION = 5;
				DEVELOPMENT_TEAM = FAD898AJXR;
				INFOPLIST_FILE = "Generative Improv-Theremin/Info.plist";
				IPHONEOS_DEPLOYMENT_TARGET = 13.2;
				LD_RUNPATH_SEARCH_PATHS = (
					"$(inherited)",
					"@executable_path/Frameworks",
				);
				PRODUCT_BUNDLE_IDENTIFIER = "jeon.Generative-Improv-Theremin";
				PRODUCT_NAME = "$(TARGET_NAME)";
				SWIFT_VERSION = 5.0;
				TARGETED_DEVICE_FAMILY = "1,2";
			};
			name = Release;
		};
/* End XCBuildConfiguration section */

/* Begin XCConfigurationList section */
		C907400123A1BA8D0098B22E /* Build configuration list for PBXProject "Generative Improv-Theremin" */ = {
			isa = XCConfigurationList;
			buildConfigurations = (
				C907401823A1BA8F0098B22E /* Debug */,
				C907401923A1BA8F0098B22E /* Release */,
			);
			defaultConfigurationIsVisible = 0;
			defaultConfigurationName = Release;
		};
		C907401A23A1BA8F0098B22E /* Build configuration list for PBXNativeTarget "Generative Improv-Theremin" */ = {
			isa = XCConfigurationList;
			buildConfigurations = (
				C907401B23A1BA8F0098B22E /* Debug */,
				C907401C23A1BA8F0098B22E /* Release */,
			);
			defaultConfigurationIsVisible = 0;
			defaultConfigurationName = Release;
		};
/* End XCConfigurationList section */
	};
	rootObject = C9073FFE23A1BA8D0098B22E /* Project object */;
}
